PODS:
  - Crashlytics (3.8.5):
    - Fabric (~> 1.6.3)
  - Fabric (1.6.12)
  - ReSwift (4.0.1)
  - SnapKit (3.2.0)
  - SwiftySound (0.7.0)
  - SwiftyUserDefaults (3.0.0)
  - UIImagePDF (0.9-beta1)

DEPENDENCIES:
  - Crashlytics
  - Fabric
  - ReSwift (~> 4.0.1)
  - SnapKit
  - SwiftySound
  - SwiftyUserDefaults
  - "UIImagePDF (from `git@github.com:anodamobi/UIImage-PDF.git`, commit `7d9dfbf`, branch `0.9-beta1`)"

SPEC REPOS:
  https://github.com/CocoaPods/Specs.git:
    - Crashlytics
    - Fabric
    - ReSwift
    - SnapKit
    - SwiftySound
    - SwiftyUserDefaults

EXTERNAL SOURCES:
  UIImagePDF:
    :branch: 0.9-beta1
    :commit: 7d9dfbf
    :git: "git@github.com:anodamobi/UIImage-PDF.git"

CHECKOUT OPTIONS:
  UIImagePDF:
    :commit: 7d9dfbf7d961f6af225e015dae94728f029fe7ef
    :git: "git@github.com:anodamobi/UIImage-PDF.git"

SPEC CHECKSUMS:
  Crashlytics: dfbae35ef22ca189240d230ad501feea4ee85d2d
  Fabric: f050464eac45a2ce5a8e6e6a07e977c0df32fe28
  ReSwift: f4012c613e13da7398827fe5aebdb938eaed40a3
  SnapKit: 1ca44df72cfa543218d177cb8aab029d10d86ea7
  SwiftySound: bca0bb721690fb65249f4776cb0875abd98e9941
  SwiftyUserDefaults: 0f1d45fc3aafb9064dac661e367f8f83fe21a4b4
  UIImagePDF: 7cae10d97e503ae042a3ebbfa53d19e4bca4daf9

PODFILE CHECKSUM: 13995b6a9669df06149a48d35eeff450a93304af

COCOAPODS: 1.5.0
